
Microsoft Visual Studio Solution File, Format Version 12.00
# Visual Studio 15
VisualStudioVersion = 15.0.28307.757
MinimumVisualStudioVersion = 10.0.40219.1
Project("{FAE04EC0-301F-11D3-BF4B-00C04F79EFBC}") = "Net.MVC.ReactWithBabel.Boilerplate", "Net.MVC.ReactWithBabel.Boilerplate\Net.MVC.ReactWithBabel.Boilerplate.csproj", "{53864839-F2A5-401C-A989-B9DA9BE1B0B3}"
EndProject
Global
	GlobalSection(SolutionConfigurationPlatforms) = preSolution
		Debug|Any CPU = Debug|Any CPU
		Release|Any CPU = Release|Any CPU
	EndGlobalSection
	GlobalSection(ProjectConfigurationPlatforms) = postSolution
		{53864839-F2A5-401C-A989-B9DA9BE1B0B3}.Debug|Any CPU.ActiveCfg = Debug|Any CPU
		{53864839-F2A5-401C-A989-B9DA9BE1B0B3}.Debug|Any CPU.Build.0 = Debug|Any CPU
		{53864839-F2A5-401C-A989-B9DA9BE1B0B3}.Release|Any CPU.ActiveCfg = Release|Any CPU
		{53864839-F2A5-401C-A989-B9DA9BE1B0B3}.Release|Any CPU.Build.0 = Release|Any CPU
	EndGlobalSection
	GlobalSection(SolutionProperties) = preSolution
		HideSolutionNode = FALSE
	EndGlobalSection
	GlobalSection(ExtensibilityGlobals) = postSolution
		SolutionGuid = {1A1D23E9-7EB1-469E-8516-47B3B2EC89A6}
	EndGlobalSection
EndGlobal
